
Microsoft Visual Studio Solution File, Format Version 12.00
# Visual Studio 15
VisualStudioVersion = 15.0.27130.2026
MinimumVisualStudioVersion = 10.0.40219.1
Project("{2150E333-8FDC-42A3-9474-1A3956D46DE8}") = "Libraries", "Libraries", "{E4ACA93B-D3DE-4557-B069-F1DB42925A4B}"
EndProject
Project("{2150E333-8FDC-42A3-9474-1A3956D46DE8}") = "Presentation", "Presentation", "{B09156FB-8291-46A2-AF37-67CE97CFB5A6}"
EndProject
Project("{2150E333-8FDC-42A3-9474-1A3956D46DE8}") = "Plugins", "Plugins", "{7881B112-7843-4542-B1F7-F99553FB9BB7}"
EndProject
Project("{FAE04EC0-301F-11D3-BF4B-00C04F79EFBC}") = "Nop.Web", "Presentation\Nop.Web\Nop.Web.csproj", "{4F1F649C-1020-45BE-A487-F416D9297FF3}"
EndProject
Project("{FAE04EC0-301F-11D3-BF4B-00C04F79EFBC}") = "Nop.Core", "Libraries\Nop.Core\Nop.Core.csproj", "{6BDA8332-939F-45B7-A25E-7A797260AE59}"
EndProject
Project("{FAE04EC0-301F-11D3-BF4B-00C04F79EFBC}") = "Nop.Data", "Libraries\Nop.Data\Nop.Data.csproj", "{CCD7F2C9-6A2C-4CF0-8E89-076B8FC0F144}"
EndProject
Project("{FAE04EC0-301F-11D3-BF4B-00C04F79EFBC}") = "Nop.Services", "Libraries\Nop.Services\Nop.Services.csproj", "{210541AD-F659-47DA-8763-16F36C5CD2F4}"
EndProject
Project("{FAE04EC0-301F-11D3-BF4B-00C04F79EFBC}") = "Nop.Web.Framework", "Presentation\Nop.Web.Framework\Nop.Web.Framework.csproj", "{75FD4163-333C-4DD5-854D-2EF294E45D94}"
EndProject
Project("{FAE04EC0-301F-11D3-BF4B-00C04F79EFBC}") = "Nop.Plugin.ExternalAuth.Facebook", "Plugins\Nop.Plugin.ExternalAuth.Facebook\Nop.Plugin.ExternalAuth.Facebook.csproj", "{446FED73-BCA1-4D8F-BC13-EA1507C7EF29}"
EndProject
Project("{FAE04EC0-301F-11D3-BF4B-00C04F79EFBC}") = "Nop.Plugin.Widgets.NivoSlider", "Plugins\Nop.Plugin.Widgets.NivoSlider\Nop.Plugin.Widgets.NivoSlider.csproj", "{9978B382-0BCD-4621-B6B5-52E0E3B5F464}"
EndProject
Global
	GlobalSection(SolutionConfigurationPlatforms) = preSolution
		Debug|Any CPU = Debug|Any CPU
		Debug|Mixed Platforms = Debug|Mixed Platforms
		Debug|x86 = Debug|x86
		Release|Any CPU = Release|Any CPU
		Release|Mixed Platforms = Release|Mixed Platforms
		Release|x86 = Release|x86
	EndGlobalSection
	GlobalSection(ProjectConfigurationPlatforms) = postSolution
		{4F1F649C-1020-45BE-A487-F416D9297FF3}.Debug|Any CPU.ActiveCfg = Debug|Any CPU
		{4F1F649C-1020-45BE-A487-F416D9297FF3}.Debug|Any CPU.Build.0 = Debug|Any CPU
		{4F1F649C-1020-45BE-A487-F416D9297FF3}.Debug|Mixed Platforms.ActiveCfg = Debug|Any CPU
		{4F1F649C-1020-45BE-A487-F416D9297FF3}.Debug|Mixed Platforms.Build.0 = Debug|Any CPU
		{4F1F649C-1020-45BE-A487-F416D9297FF3}.Debug|x86.ActiveCfg = Debug|Any CPU
		{4F1F649C-1020-45BE-A487-F416D9297FF3}.Release|Any CPU.ActiveCfg = Release|Any CPU
		{4F1F649C-1020-45BE-A487-F416D9297FF3}.Release|Any CPU.Build.0 = Release|Any CPU
		{4F1F649C-1020-45BE-A487-F416D9297FF3}.Release|Mixed Platforms.ActiveCfg = Release|Any CPU
		{4F1F649C-1020-45BE-A487-F416D9297FF3}.Release|Mixed Platforms.Build.0 = Release|Any CPU
		{4F1F649C-1020-45BE-A487-F416D9297FF3}.Release|x86.ActiveCfg = Release|Any CPU
		{6BDA8332-939F-45B7-A25E-7A797260AE59}.Debug|Any CPU.ActiveCfg = Debug|Any CPU
		{6BDA8332-939F-45B7-A25E-7A797260AE59}.Debug|Any CPU.Build.0 = Debug|Any CPU
		{6BDA8332-939F-45B7-A25E-7A797260AE59}.Debug|Mixed Platforms.ActiveCfg = Debug|Any CPU
		{6BDA8332-939F-45B7-A25E-7A797260AE59}.Debug|Mixed Platforms.Build.0 = Debug|Any CPU
		{6BDA8332-939F-45B7-A25E-7A797260AE59}.Debug|x86.ActiveCfg = Debug|Any CPU
		{6BDA8332-939F-45B7-A25E-7A797260AE59}.Release|Any CPU.ActiveCfg = Release|Any CPU
		{6BDA8332-939F-45B7-A25E-7A797260AE59}.Release|Any CPU.Build.0 = Release|Any CPU
		{6BDA8332-939F-45B7-A25E-7A797260AE59}.Release|Mixed Platforms.ActiveCfg = Release|Any CPU
		{6BDA8332-939F-45B7-A25E-7A797260AE59}.Release|Mixed Platforms.Build.0 = Release|Any CPU
		{6BDA8332-939F-45B7-A25E-7A797260AE59}.Release|x86.ActiveCfg = Release|Any CPU
		{CCD7F2C9-6A2C-4CF0-8E89-076B8FC0F144}.Debug|Any CPU.ActiveCfg = Debug|Any CPU
		{CCD7F2C9-6A2C-4CF0-8E89-076B8FC0F144}.Debug|Any CPU.Build.0 = Debug|Any CPU
		{CCD7F2C9-6A2C-4CF0-8E89-076B8FC0F144}.Debug|Mixed Platforms.ActiveCfg = Debug|Any CPU
		{CCD7F2C9-6A2C-4CF0-8E89-076B8FC0F144}.Debug|Mixed Platforms.Build.0 = Debug|Any CPU
		{CCD7F2C9-6A2C-4CF0-8E89-076B8FC0F144}.Debug|x86.ActiveCfg = Debug|Any CPU
		{CCD7F2C9-6A2C-4CF0-8E89-076B8FC0F144}.Release|Any CPU.ActiveCfg = Release|Any CPU
		{CCD7F2C9-6A2C-4CF0-8E89-076B8FC0F144}.Release|Any CPU.Build.0 = Release|Any CPU
		{CCD7F2C9-6A2C-4CF0-8E89-076B8FC0F144}.Release|Mixed Platforms.ActiveCfg = Release|Any CPU
		{CCD7F2C9-6A2C-4CF0-8E89-076B8FC0F144}.Release|Mixed Platforms.Build.0 = Release|Any CPU
		{CCD7F2C9-6A2C-4CF0-8E89-076B8FC0F144}.Release|x86.ActiveCfg = Release|Any CPU
		{210541AD-F659-47DA-8763-16F36C5CD2F4}.Debug|Any CPU.ActiveCfg = Debug|Any CPU
		{210541AD-F659-47DA-8763-16F36C5CD2F4}.Debug|Any CPU.Build.0 = Debug|Any CPU
		{210541AD-F659-47DA-8763-16F36C5CD2F4}.Debug|Mixed Platforms.ActiveCfg = Debug|Any CPU
		{210541AD-F659-47DA-8763-16F36C5CD2F4}.Debug|Mixed Platforms.Build.0 = Debug|Any CPU
		{210541AD-F659-47DA-8763-16F36C5CD2F4}.Debug|x86.ActiveCfg = Debug|Any CPU
		{210541AD-F659-47DA-8763-16F36C5CD2F4}.Release|Any CPU.ActiveCfg = Release|Any CPU
		{210541AD-F659-47DA-8763-16F36C5CD2F4}.Release|Any CPU.Build.0 = Release|Any CPU
		{210541AD-F659-47DA-8763-16F36C5CD2F4}.Release|Mixed Platforms.ActiveCfg = Release|Any CPU
		{210541AD-F659-47DA-8763-16F36C5CD2F4}.Release|Mixed Platforms.Build.0 = Release|Any CPU
		{210541AD-F659-47DA-8763-16F36C5CD2F4}.Release|x86.ActiveCfg = Release|Any CPU
		{75FD4163-333C-4DD5-854D-2EF294E45D94}.Debug|Any CPU.ActiveCfg = Debug|Any CPU
		{75FD4163-333C-4DD5-854D-2EF294E45D94}.Debug|Any CPU.Build.0 = Debug|Any CPU
		{75FD4163-333C-4DD5-854D-2EF294E45D94}.Debug|Mixed Platforms.ActiveCfg = Debug|Any CPU
		{75FD4163-333C-4DD5-854D-2EF294E45D94}.Debug|Mixed Platforms.Build.0 = Debug|Any CPU
		{75FD4163-333C-4DD5-854D-2EF294E45D94}.Debug|x86.ActiveCfg = Debug|Any CPU
		{75FD4163-333C-4DD5-854D-2EF294E45D94}.Release|Any CPU.ActiveCfg = Release|Any CPU
		{75FD4163-333C-4DD5-854D-2EF294E45D94}.Release|Any CPU.Build.0 = Release|Any CPU
		{75FD4163-333C-4DD5-854D-2EF294E45D94}.Release|Mixed Platforms.ActiveCfg = Release|Any CPU
		{75FD4163-333C-4DD5-854D-2EF294E45D94}.Release|Mixed Platforms.Build.0 = Release|Any CPU
		{75FD4163-333C-4DD5-854D-2EF294E45D94}.Release|x86.ActiveCfg = Release|Any CPU
		{446FED73-BCA1-4D8F-BC13-EA1507C7EF29}.Debug|Any CPU.ActiveCfg = Debug|Any CPU
		{446FED73-BCA1-4D8F-BC13-EA1507C7EF29}.Debug|Any CPU.Build.0 = Debug|Any CPU
		{446FED73-BCA1-4D8F-BC13-EA1507C7EF29}.Debug|Mixed Platforms.ActiveCfg = Debug|Any CPU
		{446FED73-BCA1-4D8F-BC13-EA1507C7EF29}.Debug|Mixed Platforms.Build.0 = Debug|Any CPU
		{446FED73-BCA1-4D8F-BC13-EA1507C7EF29}.Debug|x86.ActiveCfg = Debug|Any CPU
		{446FED73-BCA1-4D8F-BC13-EA1507C7EF29}.Release|Any CPU.ActiveCfg = Release|Any CPU
		{446FED73-BCA1-4D8F-BC13-EA1507C7EF29}.Release|Any CPU.Build.0 = Release|Any CPU
		{446FED73-BCA1-4D8F-BC13-EA1507C7EF29}.Release|Mixed Platforms.ActiveCfg = Release|Any CPU
		{446FED73-BCA1-4D8F-BC13-EA1507C7EF29}.Release|Mixed Platforms.Build.0 = Release|Any CPU
		{446FED73-BCA1-4D8F-BC13-EA1507C7EF29}.Release|x86.ActiveCfg = Release|Any CPU
		{9978B382-0BCD-4621-B6B5-52E0E3B5F464}.Debug|Any CPU.ActiveCfg = Debug|Any CPU
		{9978B382-0BCD-4621-B6B5-52E0E3B5F464}.Debug|Any CPU.Build.0 = Debug|Any CPU
		{9978B382-0BCD-4621-B6B5-52E0E3B5F464}.Debug|Mixed Platforms.ActiveCfg = Debug|Any CPU
		{9978B382-0BCD-4621-B6B5-52E0E3B5F464}.Debug|Mixed Platforms.Build.0 = Debug|Any CPU
		{9978B382-0BCD-4621-B6B5-52E0E3B5F464}.Debug|x86.ActiveCfg = Debug|Any CPU
		{9978B382-0BCD-4621-B6B5-52E0E3B5F464}.Release|Any CPU.ActiveCfg = Release|Any CPU
		{9978B382-0BCD-4621-B6B5-52E0E3B5F464}.Release|Any CPU.Build.0 = Release|Any CPU
		{9978B382-0BCD-4621-B6B5-52E0E3B5F464}.Release|Mixed Platforms.ActiveCfg = Release|Any CPU
		{9978B382-0BCD-4621-B6B5-52E0E3B5F464}.Release|Mixed Platforms.Build.0 = Release|Any CPU
		{9978B382-0BCD-4621-B6B5-52E0E3B5F464}.Release|x86.ActiveCfg = Release|Any CPU
	EndGlobalSection
	GlobalSection(SolutionProperties) = preSolution
		HideSolutionNode = FALSE
	EndGlobalSection
	GlobalSection(NestedProjects) = preSolution
		{4F1F649C-1020-45BE-A487-F416D9297FF3} = {B09156FB-8291-46A2-AF37-67CE97CFB5A6}
		{6BDA8332-939F-45B7-A25E-7A797260AE59} = {E4ACA93B-D3DE-4557-B069-F1DB42925A4B}
		{CCD7F2C9-6A2C-4CF0-8E89-076B8FC0F144} = {E4ACA93B-D3DE-4557-B069-F1DB42925A4B}
		{210541AD-F659-47DA-8763-16F36C5CD2F4} = {E4ACA93B-D3DE-4557-B069-F1DB42925A4B}
		{75FD4163-333C-4DD5-854D-2EF294E45D94} = {B09156FB-8291-46A2-AF37-67CE97CFB5A6}
		{446FED73-BCA1-4D8F-BC13-EA1507C7EF29} = {7881B112-7843-4542-B1F7-F99553FB9BB7}
		{9978B382-0BCD-4621-B6B5-52E0E3B5F464} = {7881B112-7843-4542-B1F7-F99553FB9BB7}
	EndGlobalSection
	GlobalSection(ExtensibilityGlobals) = postSolution
		SolutionGuid = {EE72A8B2-332A-4175-9319-6726D36E9D25}
	EndGlobalSection
	GlobalSection(NDepend) = preSolution
		Project = ".\NopCommerce.ndproj"
	EndGlobalSection
	GlobalSection(MonoDevelopProperties) = preSolution
		Policies = $0
		$0.DotNetNamingPolicy = $1
		$1.DirectoryNamespaceAssociation = PrefixedHierarchical
		$0.TextStylePolicy = $2
		$2.inheritsSet = null
		$2.scope = text/x-csharp
		$0.CSharpFormattingPolicy = $3
		$3.scope = text/x-csharp
		$0.TextStylePolicy = $4
		$4.FileWidth = 80
		$4.TabsToSpaces = True
		$4.scope = text/plain
		$0.TextStylePolicy = $5
		$5.inheritsSet = null
		$5.scope = text/x-json
		$0.JSONFormattingPolicy = $6
		$6.AutoStructureCompletion = True
		$6.BracePositions = SemiExpanded
		$6.FormatOnPaste = True
		$6.scope = text/x-json
		$0.TextStylePolicy = $7
		$7.inheritsSet = null
		$7.scope = text/x-web
		$0.TextStylePolicy = $8
		$8.inheritsSet = null
		$8.scope = text/x-vs
		$0.TextStylePolicy = $9
		$9.inheritsSet = null
		$9.scope = application/xml
		$0.XmlFormattingPolicy = $10
		$10.scope = application/xml
		$0.TextStylePolicy = $11
		$11.inheritsSet = null
		$11.scope = text/x-html
		$0.HTMLFormattingPolicy = $12
		$12.FormatOnPaste = True
		$12.XHTMLCodingStyle = True
		$12.scope = text/x-html
		$0.TextStylePolicy = $13
		$13.inheritsSet = null
		$13.scope = text/x-sql
		$0.TextStylePolicy = $14
		$14.inheritsSet = null
		$14.scope = text/x-css
		$0.CSSFormattingPolicy = $15
		$15.AutomaticFormatting = True
		$15.BracePositions = SemiExpanded
		$15.FormatOnPaste = True
		$15.HierarchicalIndentation = True
		$15.scope = text/x-css
		$0.TextStylePolicy = $16
		$16.inheritsSet = null
		$16.scope = text/x-cshtml-core-web
		$0.HTMLFormattingPolicy = $17
		$17.inheritsSet = null
		$17.scope = text/x-cshtml-core-web
		$0.TextStylePolicy = $18
		$18.inheritsSet = null
		$18.scope = text/x-cshtml-web
		$0.HTMLFormattingPolicy = $19
		$19.inheritsSet = null
		$19.scope = text/x-cshtml-web
		$0.TextStylePolicy = $20
		$20.inheritsSet = null
		$20.scope = text/x-javascript
		$0.TextStylePolicy = $21
		$21.inheritsSet = null
		$21.scope = application/config+xml
		$0.XmlFormattingPolicy = $22
		$22.inheritsSet = null
		$22.scope = application/config+xml
		$0.StandardHeader = $23
		$0.VersionControlPolicy = $24
	EndGlobalSection
EndGlobal
